// !$*UTF8*$!
{
	archiveVersion = 1;
	classes = {
	};
	objectVersion = 77;
	objects = {

/* Begin PBXBuildFile section */
		3F79D7562FE6DE6800960039 /* UIColorMarshalling.swift in Sources */ = {isa = PBXBuildFile; fileRef = 3F79D7552FE6DE6800960039 /* UIColorMarshalling.swift */; };
		3F79D7582FE6E9F000960039 /* ScheduleConverter.swift in Sources */ = {isa = PBXBuildFile; fileRef = 3F79D7572FE6E9F000960039 /* ScheduleConverter.swift */; };
		3F79D75A2FE73B7500960039 /* HabitCreationBaseViewController.swift in Sources */ = {isa = PBXBuildFile; fileRef = 3F79D7592FE73B7500960039 /* HabitCreationBaseViewController.swift */; };
		3F8D66FB2FFD03AA00394DF3 /* CategoryListViewModel.swift in Sources */ = {isa = PBXBuildFile; fileRef = 3F8D66FA2FFD03AA00394DF3 /* CategoryListViewModel.swift */; };
		3F8D66FD2FFD040700394DF3 /* CategoryTableViewCell.swift in Sources */ = {isa = PBXBuildFile; fileRef = 3F8D66FC2FFD040700394DF3 /* CategoryTableViewCell.swift */; };
		3F8D66FF2FFD04A100394DF3 /* NewCategoryViewController.swift in Sources */ = {isa = PBXBuildFile; fileRef = 3F8D66FE2FFD04A100394DF3 /* NewCategoryViewController.swift */; };
		3F926C002FE134B4001F6750 /* TrackerCategoryCoreData+CoreDataClass.swift in Sources */ = {isa = PBXBuildFile; fileRef = 3F926BFA2FE134B4001F6750 /* TrackerCategoryCoreData+CoreDataClass.swift */; };
		3F926C012FE134B4001F6750 /* TrackerCategoryCoreData+CoreDataProperties.swift in Sources */ = {isa = PBXBuildFile; fileRef = 3F926BFB2FE134B4001F6750 /* TrackerCategoryCoreData+CoreDataProperties.swift */; };
		3F926C022FE134B4001F6750 /* TrackerCoreData+CoreDataClass.swift in Sources */ = {isa = PBXBuildFile; fileRef = 3F926BFC2FE134B4001F6750 /* TrackerCoreData+CoreDataClass.swift */; };
		3F926C032FE134B4001F6750 /* TrackerCoreData+CoreDataProperties.swift in Sources */ = {isa = PBXBuildFile; fileRef = 3F926BFD2FE134B4001F6750 /* TrackerCoreData+CoreDataProperties.swift */; };
		3F926C042FE134B4001F6750 /* TrackerRecordCoreData+CoreDataClass.swift in Sources */ = {isa = PBXBuildFile; fileRef = 3F926BFE2FE134B4001F6750 /* TrackerRecordCoreData+CoreDataClass.swift */; };
		3F926C052FE134B4001F6750 /* TrackerRecordCoreData+CoreDataProperties.swift in Sources */ = {isa = PBXBuildFile; fileRef = 3F926BFF2FE134B4001F6750 /* TrackerRecordCoreData+CoreDataProperties.swift */; };
		3F926C072FE13702001F6750 /* CoreDataManager.swift in Sources */ = {isa = PBXBuildFile; fileRef = 3F926C062FE13702001F6750 /* CoreDataManager.swift */; };
		3F93BDAB2FDADC9000B38A07 /* SelectableCell.swift in Sources */ = {isa = PBXBuildFile; fileRef = 3F93BDAA2FDADC9000B38A07 /* SelectableCell.swift */; };
		3F9A083D2FE2DBA900473222 /* TrackerStore.swift in Sources */ = {isa = PBXBuildFile; fileRef = 3F9A083C2FE2DBA900473222 /* TrackerStore.swift */; };
		3F9A083F2FE2DBBC00473222 /* TrackerCategoryStore.swift in Sources */ = {isa = PBXBuildFile; fileRef = 3F9A083E2FE2DBBC00473222 /* TrackerCategoryStore.swift */; };
		3F9A08412FE2DBD000473222 /* TrackerRecordStore.swift in Sources */ = {isa = PBXBuildFile; fileRef = 3F9A08402FE2DBD000473222 /* TrackerRecordStore.swift */; };
		3FA6BD452FD82CDD0085FB88 /* IrregularEventCreationViewController.swift in Sources */ = {isa = PBXBuildFile; fileRef = 3FA6BD442FD82CDD0085FB88 /* IrregularEventCreationViewController.swift */; };
		3FA6F28C2FFC55350042C8A1 /* OnboardingViewController.swift in Sources */ = {isa = PBXBuildFile; fileRef = 3FA6F28B2FFC55350042C8A1 /* OnboardingViewController.swift */; };
		3FB6B41E2FDDA07A00E09A32 /* Model.xcdatamodeld in Sources */ = {isa = PBXBuildFile; fileRef = 3FB6B41C2FDDA07A00E09A32 /* Model.xcdatamodeld */; };
		3FBB02CB2FD71C7C00CBB02F /* AppDelegate.swift in Sources */ = {isa = PBXBuildFile; fileRef = 3FBB02C32FD71C7C00CBB02F /* AppDelegate.swift */; };
		3FBB02CC2FD71C7C00CBB02F /* SceneDelegate.swift in Sources */ = {isa = PBXBuildFile; fileRef = 3FBB02C82FD71C7C00CBB02F /* SceneDelegate.swift */; };
		3FBB02CE2FD71C7C00CBB02F /* Assets.xcassets in Resources */ = {isa = PBXBuildFile; fileRef = 3FBB02C42FD71C7C00CBB02F /* Assets.xcassets */; };
		3FBB02D02FD71C7C00CBB02F /* LaunchScreen.storyboard in Resources */ = {isa = PBXBuildFile; fileRef = 3FBB02C72FD71C7C00CBB02F /* LaunchScreen.storyboard */; };
		3FBB02D32FD71C8C00CBB02F /* TabBarController.swift in Sources */ = {isa = PBXBuildFile; fileRef = 3FBB02D22FD71C8C00CBB02F /* TabBarController.swift */; };
		3FBB02DE2FD71D6B00CBB02F /* UITextField+padding.swift in Sources */ = {isa = PBXBuildFile; fileRef = 3FBB02DD2FD71D6B00CBB02F /* UITextField+padding.swift */; };
		3FBB02E02FD71D8700CBB02F /* FormatterDays.swift in Sources */ = {isa = PBXBuildFile; fileRef = 3FBB02DF2FD71D8700CBB02F /* FormatterDays.swift */; };
		3FBB02E22FD71D9900CBB02F /* Tracker.swift in Sources */ = {isa = PBXBuildFile; fileRef = 3FBB02E12FD71D9900CBB02F /* Tracker.swift */; };
		3FBB02E42FD71DA600CBB02F /* TrackerCategory.swift in Sources */ = {isa = PBXBuildFile; fileRef = 3FBB02E32FD71DA600CBB02F /* TrackerCategory.swift */; };
		3FBB02E62FD71DB300CBB02F /* TrackerRecord.swift in Sources */ = {isa = PBXBuildFile; fileRef = 3FBB02E52FD71DB300CBB02F /* TrackerRecord.swift */; };
		3FBB02E82FD71DB900CBB02F /* Weekday.swift in Sources */ = {isa = PBXBuildFile; fileRef = 3FBB02E72FD71DB900CBB02F /* Weekday.swift */; };
		3FBB02EA2FD71DEB00CBB02F /* HabitTableViewCell.swift in Sources */ = {isa = PBXBuildFile; fileRef = 3FBB02E92FD71DEB00CBB02F /* HabitTableViewCell.swift */; };
		3FBB02EC2FD71DF900CBB02F /* TrackerCollectionViewCell.swift in Sources */ = {isa = PBXBuildFile; fileRef = 3FBB02EB2FD71DF900CBB02F /* TrackerCollectionViewCell.swift */; };
		3FBB02EE2FD71E0D00CBB02F /* SupplementaryView.swift in Sources */ = {isa = PBXBuildFile; fileRef = 3FBB02ED2FD71E0D00CBB02F /* SupplementaryView.swift */; };
		3FBB02F02FD71E3C00CBB02F /* MainViewController.swift in Sources */ = {isa = PBXBuildFile; fileRef = 3FBB02EF2FD71E3C00CBB02F /* MainViewController.swift */; };
		3FBB02F22FD71E4900CBB02F /* TrackerCreationViewController.swift in Sources */ = {isa = PBXBuildFile; fileRef = 3FBB02F12FD71E4900CBB02F /* TrackerCreationViewController.swift */; };
		3FBB02F42FD71E5B00CBB02F /* HabitCreationViewController.swift in Sources */ = {isa = PBXBuildFile; fileRef = 3FBB02F32FD71E5B00CBB02F /* HabitCreationViewController.swift */; };
		3FBB02F62FD71E6800CBB02F /* HabitCategoryViewController.swift in Sources */ = {isa = PBXBuildFile; fileRef = 3FBB02F52FD71E6800CBB02F /* HabitCategoryViewController.swift */; };
		3FBB02F82FD71E7400CBB02F /* HabitScheduleViewController.swift in Sources */ = {isa = PBXBuildFile; fileRef = 3FBB02F72FD71E7400CBB02F /* HabitScheduleViewController.swift */; };
		3FBB02FA2FD71E8000CBB02F /* StatisticViewController.swift in Sources */ = {isa = PBXBuildFile; fileRef = 3FBB02F92FD71E8000CBB02F /* StatisticViewController.swift */; };
/* End PBXBuildFile section */

/* Begin PBXFileReference section */
		3F79D7552FE6DE6800960039 /* UIColorMarshalling.swift */ = {isa = PBXFileReference; lastKnownFileType = sourcecode.swift; path = UIColorMarshalling.swift; sourceTree = "<group>"; };
		3F79D7572FE6E9F000960039 /* ScheduleConverter.swift */ = {isa = PBXFileReference; lastKnownFileType = sourcecode.swift; path = ScheduleConverter.swift; sourceTree = "<group>"; };
		3F79D7592FE73B7500960039 /* HabitCreationBaseViewController.swift */ = {isa = PBXFileReference; lastKnownFileType = sourcecode.swift; path = HabitCreationBaseViewController.swift; sourceTree = "<group>"; };
		3F8D66FA2FFD03AA00394DF3 /* CategoryListViewModel.swift */ = {isa = PBXFileReference; lastKnownFileType = sourcecode.swift; path = CategoryListViewModel.swift; sourceTree = "<group>"; };
		3F8D66FC2FFD040700394DF3 /* CategoryTableViewCell.swift */ = {isa = PBXFileReference; lastKnownFileType = sourcecode.swift; path = CategoryTableViewCell.swift; sourceTree = "<group>"; };
		3F8D66FE2FFD04A100394DF3 /* NewCategoryViewController.swift */ = {isa = PBXFileReference; lastKnownFileType = sourcecode.swift; path = NewCategoryViewController.swift; sourceTree = "<group>"; };
		3F926BFA2FE134B4001F6750 /* TrackerCategoryCoreData+CoreDataClass.swift */ = {isa = PBXFileReference; lastKnownFileType = sourcecode.swift; path = "TrackerCategoryCoreData+CoreDataClass.swift"; sourceTree = "<group>"; };
		3F926BFB2FE134B4001F6750 /* TrackerCategoryCoreData+CoreDataProperties.swift */ = {isa = PBXFileReference; lastKnownFileType = sourcecode.swift; path = "TrackerCategoryCoreData+CoreDataProperties.swift"; sourceTree = "<group>"; };
		3F926BFC2FE134B4001F6750 /* TrackerCoreData+CoreDataClass.swift */ = {isa = PBXFileReference; lastKnownFileType = sourcecode.swift; path = "TrackerCoreData+CoreDataClass.swift"; sourceTree = "<group>"; };
		3F926BFD2FE134B4001F6750 /* TrackerCoreData+CoreDataProperties.swift */ = {isa = PBXFileReference; lastKnownFileType = sourcecode.swift; path = "TrackerCoreData+CoreDataProperties.swift"; sourceTree = "<group>"; };
		3F926BFE2FE134B4001F6750 /* TrackerRecordCoreData+CoreDataClass.swift */ = {isa = PBXFileReference; lastKnownFileType = sourcecode.swift; path = "TrackerRecordCoreData+CoreDataClass.swift"; sourceTree = "<group>"; };
		3F926BFF2FE134B4001F6750 /* TrackerRecordCoreData+CoreDataProperties.swift */ = {isa = PBXFileReference; lastKnownFileType = sourcecode.swift; path = "TrackerRecordCoreData+CoreDataProperties.swift"; sourceTree = "<group>"; };
		3F926C062FE13702001F6750 /* CoreDataManager.swift */ = {isa = PBXFileReference; lastKnownFileType = sourcecode.swift; path = CoreDataManager.swift; sourceTree = "<group>"; };
		3F93BDAA2FDADC9000B38A07 /* SelectableCell.swift */ = {isa = PBXFileReference; lastKnownFileType = sourcecode.swift; path = SelectableCell.swift; sourceTree = "<group>"; };
		3F9A083C2FE2DBA900473222 /* TrackerStore.swift */ = {isa = PBXFileReference; lastKnownFileType = sourcecode.swift; path = TrackerStore.swift; sourceTree = "<group>"; };
		3F9A083E2FE2DBBC00473222 /* TrackerCategoryStore.swift */ = {isa = PBXFileReference; lastKnownFileType = sourcecode.swift; path = TrackerCategoryStore.swift; sourceTree = "<group>"; };
		3F9A08402FE2DBD000473222 /* TrackerRecordStore.swift */ = {isa = PBXFileReference; lastKnownFileType = sourcecode.swift; path = TrackerRecordStore.swift; sourceTree = "<group>"; };
		3FA6BD442FD82CDD0085FB88 /* IrregularEventCreationViewController.swift */ = {isa = PBXFileReference; lastKnownFileType = sourcecode.swift; path = IrregularEventCreationViewController.swift; sourceTree = "<group>"; };
		3FA6F28B2FFC55350042C8A1 /* OnboardingViewController.swift */ = {isa = PBXFileReference; lastKnownFileType = sourcecode.swift; path = OnboardingViewController.swift; sourceTree = "<group>"; };
		3FB6B41D2FDDA07A00E09A32 /* Model.xcdatamodel */ = {isa = PBXFileReference; lastKnownFileType = wrapper.xcdatamodel; path = Model.xcdatamodel; sourceTree = "<group>"; };
		3FBB02C32FD71C7C00CBB02F /* AppDelegate.swift */ = {isa = PBXFileReference; lastKnownFileType = sourcecode.swift; path = AppDelegate.swift; sourceTree = "<group>"; };
		3FBB02C42FD71C7C00CBB02F /* Assets.xcassets */ = {isa = PBXFileReference; lastKnownFileType = folder.assetcatalog; path = Assets.xcassets; sourceTree = "<group>"; };
		3FBB02C52FD71C7C00CBB02F /* Info.plist */ = {isa = PBXFileReference; lastKnownFileType = text.plist.xml; path = Info.plist; sourceTree = "<group>"; };
		3FBB02C62FD71C7C00CBB02F /* Base */ = {isa = PBXFileReference; lastKnownFileType = file.storyboard; name = Base; path = Base.lproj/LaunchScreen.storyboard; sourceTree = "<group>"; };
		3FBB02C82FD71C7C00CBB02F /* SceneDelegate.swift */ = {isa = PBXFileReference; lastKnownFileType = sourcecode.swift; path = SceneDelegate.swift; sourceTree = "<group>"; };
		3FBB02D22FD71C8C00CBB02F /* TabBarController.swift */ = {isa = PBXFileReference; lastKnownFileType = sourcecode.swift; path = TabBarController.swift; sourceTree = "<group>"; };
		3FBB02DD2FD71D6B00CBB02F /* UITextField+padding.swift */ = {isa = PBXFileReference; lastKnownFileType = sourcecode.swift; path = "UITextField+padding.swift"; sourceTree = "<group>"; };
		3FBB02DF2FD71D8700CBB02F /* FormatterDays.swift */ = {isa = PBXFileReference; lastKnownFileType = sourcecode.swift; path = FormatterDays.swift; sourceTree = "<group>"; };
		3FBB02E12FD71D9900CBB02F /* Tracker.swift */ = {isa = PBXFileReference; lastKnownFileType = sourcecode.swift; path = Tracker.swift; sourceTree = "<group>"; };
		3FBB02E32FD71DA600CBB02F /* TrackerCategory.swift */ = {isa = PBXFileReference; lastKnownFileType = sourcecode.swift; path = TrackerCategory.swift; sourceTree = "<group>"; };
		3FBB02E52FD71DB300CBB02F /* TrackerRecord.swift */ = {isa = PBXFileReference; lastKnownFileType = sourcecode.swift; path = TrackerRecord.swift; sourceTree = "<group>"; };
		3FBB02E72FD71DB900CBB02F /* Weekday.swift */ = {isa = PBXFileReference; lastKnownFileType = sourcecode.swift; path = Weekday.swift; sourceTree = "<group>"; };
		3FBB02E92FD71DEB00CBB02F /* HabitTableViewCell.swift */ = {isa = PBXFileReference; lastKnownFileType = sourcecode.swift; path = HabitTableViewCell.swift; sourceTree = "<group>"; };
		3FBB02EB2FD71DF900CBB02F /* TrackerCollectionViewCell.swift */ = {isa = PBXFileReference; lastKnownFileType = sourcecode.swift; path = TrackerCollectionViewCell.swift; sourceTree = "<group>"; };
		3FBB02ED2FD71E0D00CBB02F /* SupplementaryView.swift */ = {isa = PBXFileReference; lastKnownFileType = sourcecode.swift; path = SupplementaryView.swift; sourceTree = "<group>"; };
		3FBB02EF2FD71E3C00CBB02F /* MainViewController.swift */ = {isa = PBXFileReference; lastKnownFileType = sourcecode.swift; path = MainViewController.swift; sourceTree = "<group>"; };
		3FBB02F12FD71E4900CBB02F /* TrackerCreationViewController.swift */ = {isa = PBXFileReference; lastKnownFileType = sourcecode.swift; path = TrackerCreationViewController.swift; sourceTree = "<group>"; };
		3FBB02F32FD71E5B00CBB02F /* HabitCreationViewController.swift */ = {isa = PBXFileReference; lastKnownFileType = sourcecode.swift; path = HabitCreationViewController.swift; sourceTree = "<group>"; };
		3FBB02F52FD71E6800CBB02F /* HabitCategoryViewController.swift */ = {isa = PBXFileReference; lastKnownFileType = sourcecode.swift; path = HabitCategoryViewController.swift; sourceTree = "<group>"; };
		3FBB02F72FD71E7400CBB02F /* HabitScheduleViewController.swift */ = {isa = PBXFileReference; lastKnownFileType = sourcecode.swift; path = HabitScheduleViewController.swift; sourceTree = "<group>"; };
		3FBB02F92FD71E8000CBB02F /* StatisticViewController.swift */ = {isa = PBXFileReference; lastKnownFileType = sourcecode.swift; path = StatisticViewController.swift; sourceTree = "<group>"; };
		3FCAD3D72FC84E8400A059AE /* Tracker.app */ = {isa = PBXFileReference; explicitFileType = wrapper.application; includeInIndex = 0; path = Tracker.app; sourceTree = BUILT_PRODUCTS_DIR; };
/* End PBXFileReference section */

/* Begin PBXFrameworksBuildPhase section */
		3FCAD3D42FC84E8400A059AE /* Frameworks */ = {
			isa = PBXFrameworksBuildPhase;
			buildActionMask = 2147483647;
			files = (
			);
			runOnlyForDeploymentPostprocessing = 0;
		};
/* End PBXFrameworksBuildPhase section */

/* Begin PBXGroup section */
		3F79D75B2FE7411000960039 /* Statistic */ = {
			isa = PBXGroup;
			children = (
				3FBB02F92FD71E8000CBB02F /* StatisticViewController.swift */,
			);
			path = Statistic;
			sourceTree = "<group>";
		};
		3F8D67002FFD2B8800394DF3 /* Onboarding */ = {
			isa = PBXGroup;
			children = (
				3FA6F28B2FFC55350042C8A1 /* OnboardingViewController.swift */,
			);
			path = Onboarding;
			sourceTree = "<group>";
		};
		3F926C132FE16AF1001F6750 /* NSManagedObjectSubclass */ = {
			isa = PBXGroup;
			children = (
				3F926BFA2FE134B4001F6750 /* TrackerCategoryCoreData+CoreDataClass.swift */,
				3F926BFB2FE134B4001F6750 /* TrackerCategoryCoreData+CoreDataProperties.swift */,
				3F926BFC2FE134B4001F6750 /* TrackerCoreData+CoreDataClass.swift */,
				3F926BFD2FE134B4001F6750 /* TrackerCoreData+CoreDataProperties.swift */,
				3F926BFE2FE134B4001F6750 /* TrackerRecordCoreData+CoreDataClass.swift */,
				3F926BFF2FE134B4001F6750 /* TrackerRecordCoreData+CoreDataProperties.swift */,
			);
			path = NSManagedObjectSubclass;
			sourceTree = "<group>";
		};
		3FA6BD432FD82C140085FB88 /* IrregularEvent */ = {
			isa = PBXGroup;
			children = (
				3FA6BD442FD82CDD0085FB88 /* IrregularEventCreationViewController.swift */,
			);
			path = IrregularEvent;
			sourceTree = "<group>";
		};
		3FB7545F2FDFF66A00EB73E2 /* CoreData */ = {
			isa = PBXGroup;
			children = (
				3F9A083C2FE2DBA900473222 /* TrackerStore.swift */,
				3F9A083E2FE2DBBC00473222 /* TrackerCategoryStore.swift */,
				3F9A08402FE2DBD000473222 /* TrackerRecordStore.swift */,
				3FB6B41C2FDDA07A00E09A32 /* Model.xcdatamodeld */,
				3F926C062FE13702001F6750 /* CoreDataManager.swift */,
				3F926C132FE16AF1001F6750 /* NSManagedObjectSubclass */,
			);
			path = CoreData;
			sourceTree = "<group>";
		};
		3FBB02CA2FD71C7C00CBB02F /* Tracker */ = {
			isa = PBXGroup;
			children = (
				3FB7545F2FDFF66A00EB73E2 /* CoreData */,
				3FBB02C42FD71C7C00CBB02F /* Assets.xcassets */,
				3FBB02C52FD71C7C00CBB02F /* Info.plist */,
				3FBB02C72FD71C7C00CBB02F /* LaunchScreen.storyboard */,
				3FBB02D52FD71CE100CBB02F /* App */,
				3FBB02D72FD71D0700CBB02F /* Extenisons */,
				3FBB02D82FD71D0C00CBB02F /* Models */,
				3FBB02D12FD71C7F00CBB02F /* TabBar */,
				3FBB02D92FD71D1700CBB02F /* Cells */,
				3FBB02DA2FD71D1F00CBB02F /* ViewControllers */,
				3F8D67002FFD2B8800394DF3 /* Onboarding */,
			);
			path = Tracker;
			sourceTree = "<group>";
		};
		3FBB02D12FD71C7F00CBB02F /* TabBar */ = {
			isa = PBXGroup;
			children = (
				3FBB02D22FD71C8C00CBB02F /* TabBarController.swift */,
			);
			path = TabBar;
			sourceTree = "<group>";
		};
		3FBB02D52FD71CE100CBB02F /* App */ = {
			isa = PBXGroup;
			children = (
				3FBB02C32FD71C7C00CBB02F /* AppDelegate.swift */,
				3FBB02C82FD71C7C00CBB02F /* SceneDelegate.swift */,
			);
			path = App;
			sourceTree = "<group>";
		};
		3FBB02D72FD71D0700CBB02F /* Extenisons */ = {
			isa = PBXGroup;
			children = (
				3FBB02DD2FD71D6B00CBB02F /* UITextField+padding.swift */,
				3FBB02DF2FD71D8700CBB02F /* FormatterDays.swift */,
				3F79D7552FE6DE6800960039 /* UIColorMarshalling.swift */,
				3F79D7572FE6E9F000960039 /* ScheduleConverter.swift */,
			);
			path = Extenisons;
			sourceTree = "<group>";
		};
		3FBB02D82FD71D0C00CBB02F /* Models */ = {
			isa = PBXGroup;
			children = (
				3FBB02E12FD71D9900CBB02F /* Tracker.swift */,
				3FBB02E32FD71DA600CBB02F /* TrackerCategory.swift */,
				3FBB02E52FD71DB300CBB02F /* TrackerRecord.swift */,
				3FBB02E72FD71DB900CBB02F /* Weekday.swift */,
			);
			path = Models;
			sourceTree = "<group>";
		};
		3FBB02D92FD71D1700CBB02F /* Cells */ = {
			isa = PBXGroup;
			children = (
				3FBB02E92FD71DEB00CBB02F /* HabitTableViewCell.swift */,
				3FBB02EB2FD71DF900CBB02F /* TrackerCollectionViewCell.swift */,
				3F8D66FC2FFD040700394DF3 /* CategoryTableViewCell.swift */,
				3F93BDAA2FDADC9000B38A07 /* SelectableCell.swift */,
				3FBB02ED2FD71E0D00CBB02F /* SupplementaryView.swift */,
			);
			path = Cells;
			sourceTree = "<group>";
		};
		3FBB02DA2FD71D1F00CBB02F /* ViewControllers */ = {
			isa = PBXGroup;
			children = (
				3FBB02EF2FD71E3C00CBB02F /* MainViewController.swift */,
				3FBB02F12FD71E4900CBB02F /* TrackerCreationViewController.swift */,
				3F79D7592FE73B7500960039 /* HabitCreationBaseViewController.swift */,
				3FBB02DB2FD71D2500CBB02F /* Habit */,
				3FA6BD432FD82C140085FB88 /* IrregularEvent */,
				3F79D75B2FE7411000960039 /* Statistic */,
			);
			path = ViewControllers;
			sourceTree = "<group>";
		};
		3FBB02DB2FD71D2500CBB02F /* Habit */ = {
			isa = PBXGroup;
			children = (
				3FBB02F32FD71E5B00CBB02F /* HabitCreationViewController.swift */,
				3FBB02F52FD71E6800CBB02F /* HabitCategoryViewController.swift */,
				3FBB02F72FD71E7400CBB02F /* HabitScheduleViewController.swift */,
				3F8D66FA2FFD03AA00394DF3 /* CategoryListViewModel.swift */,
				3F8D66FE2FFD04A100394DF3 /* NewCategoryViewController.swift */,
			);
			path = Habit;
			sourceTree = "<group>";
		};
		3FCAD3CE2FC84E8400A059AE = {
			isa = PBXGroup;
			children = (
				3FBB02CA2FD71C7C00CBB02F /* Tracker */,
				3FCAD3D82FC84E8400A059AE /* Products */,
			);
			sourceTree = "<group>";
		};
		3FCAD3D82FC84E8400A059AE /* Products */ = {
			isa = PBXGroup;
			children = (
				3FCAD3D72FC84E8400A059AE /* Tracker.app */,
			);
			name = Products;
			sourceTree = "<group>";
		};
/* End PBXGroup section */

/* Begin PBXNativeTarget section */
		3FCAD3D62FC84E8400A059AE /* Tracker */ = {
			isa = PBXNativeTarget;
			buildConfigurationList = 3FCAD3EA2FC84E8500A059AE /* Build configuration list for PBXNativeTarget "Tracker" */;
			buildPhases = (
				3FCAD3D32FC84E8400A059AE /* Sources */,
				3FCAD3D42FC84E8400A059AE /* Frameworks */,
				3FCAD3D52FC84E8400A059AE /* Resources */,
			);
			buildRules = (
			);
			dependencies = (
			);
			name = Tracker;
			packageProductDependencies = (
			);
			productName = Tracker;
			productReference = 3FCAD3D72FC84E8400A059AE /* Tracker.app */;
			productType = "com.apple.product-type.application";
		};
/* End PBXNativeTarget section */

/* Begin PBXProject section */
		3FCAD3CF2FC84E8400A059AE /* Project object */ = {
			isa = PBXProject;
			attributes = {
				BuildIndependentTargetsInParallel = 1;
				LastSwiftUpdateCheck = 1620;
				LastUpgradeCheck = 1620;
				TargetAttributes = {
					3FCAD3D62FC84E8400A059AE = {
						CreatedOnToolsVersion = 16.2;
					};
				};
			};
			buildConfigurationList = 3FCAD3D22FC84E8400A059AE /* Build configuration list for PBXProject "Tracker" */;
			developmentRegion = en;
			hasScannedForEncodings = 0;
			knownRegions = (
				en,
				Base,
			);
			mainGroup = 3FCAD3CE2FC84E8400A059AE;
			minimizedProjectReferenceProxies = 1;
			preferredProjectObjectVersion = 77;
			productRefGroup = 3FCAD3D82FC84E8400A059AE /* Products */;
			projectDirPath = "";
			projectRoot = "";
			targets = (
				3FCAD3D62FC84E8400A059AE /* Tracker */,
			);
		};
/* End PBXProject section */

/* Begin PBXResourcesBuildPhase section */
		3FCAD3D52FC84E8400A059AE /* Resources */ = {
			isa = PBXResourcesBuildPhase;
			buildActionMask = 2147483647;
			files = (
				3FBB02CE2FD71C7C00CBB02F /* Assets.xcassets in Resources */,
				3FBB02D02FD71C7C00CBB02F /* LaunchScreen.storyboard in Resources */,
			);
			runOnlyForDeploymentPostprocessing = 0;
		};
/* End PBXResourcesBuildPhase section */

/* Begin PBXSourcesBuildPhase section */
		3FCAD3D32FC84E8400A059AE /* Sources */ = {
			isa = PBXSourcesBuildPhase;
			buildActionMask = 2147483647;
			files = (
				3FBB02E22FD71D9900CBB02F /* Tracker.swift in Sources */,
				3FBB02F02FD71E3C00CBB02F /* MainViewController.swift in Sources */,
				3F79D7562FE6DE6800960039 /* UIColorMarshalling.swift in Sources */,
				3FBB02E62FD71DB300CBB02F /* TrackerRecord.swift in Sources */,
				3FBB02F62FD71E6800CBB02F /* HabitCategoryViewController.swift in Sources */,
				3F9A083D2FE2DBA900473222 /* TrackerStore.swift in Sources */,
				3FBB02EA2FD71DEB00CBB02F /* HabitTableViewCell.swift in Sources */,
				3FBB02E82FD71DB900CBB02F /* Weekday.swift in Sources */,
				3F8D66FB2FFD03AA00394DF3 /* CategoryListViewModel.swift in Sources */,
				3F8D66FF2FFD04A100394DF3 /* NewCategoryViewController.swift in Sources */,
				3F926C002FE134B4001F6750 /* TrackerCategoryCoreData+CoreDataClass.swift in Sources */,
				3F926C012FE134B4001F6750 /* TrackerCategoryCoreData+CoreDataProperties.swift in Sources */,
				3F926C022FE134B4001F6750 /* TrackerCoreData+CoreDataClass.swift in Sources */,
				3F926C032FE134B4001F6750 /* TrackerCoreData+CoreDataProperties.swift in Sources */,
				3F79D7582FE6E9F000960039 /* ScheduleConverter.swift in Sources */,
				3F926C042FE134B4001F6750 /* TrackerRecordCoreData+CoreDataClass.swift in Sources */,
				3F926C052FE134B4001F6750 /* TrackerRecordCoreData+CoreDataProperties.swift in Sources */,
				3FBB02CB2FD71C7C00CBB02F /* AppDelegate.swift in Sources */,
				3FBB02EC2FD71DF900CBB02F /* TrackerCollectionViewCell.swift in Sources */,
				3F79D75A2FE73B7500960039 /* HabitCreationBaseViewController.swift in Sources */,
				3FBB02F82FD71E7400CBB02F /* HabitScheduleViewController.swift in Sources */,
				3FBB02F42FD71E5B00CBB02F /* HabitCreationViewController.swift in Sources */,
				3FBB02EE2FD71E0D00CBB02F /* SupplementaryView.swift in Sources */,
				3F93BDAB2FDADC9000B38A07 /* SelectableCell.swift in Sources */,
				3FBB02F22FD71E4900CBB02F /* TrackerCreationViewController.swift in Sources */,
				3FBB02DE2FD71D6B00CBB02F /* UITextField+padding.swift in Sources */,
				3F9A08412FE2DBD000473222 /* TrackerRecordStore.swift in Sources */,
				3FBB02D32FD71C8C00CBB02F /* TabBarController.swift in Sources */,
				3FBB02E02FD71D8700CBB02F /* FormatterDays.swift in Sources */,
				3FBB02FA2FD71E8000CBB02F /* StatisticViewController.swift in Sources */,
				3F8D66FD2FFD040700394DF3 /* CategoryTableViewCell.swift in Sources */,
				3FB6B41E2FDDA07A00E09A32 /* Model.xcdatamodeld in Sources */,
				3FA6BD452FD82CDD0085FB88 /* IrregularEventCreationViewController.swift in Sources */,
				3F9A083F2FE2DBBC00473222 /* TrackerCategoryStore.swift in Sources */,
				3FBB02CC2FD71C7C00CBB02F /* SceneDelegate.swift in Sources */,
				3FA6F28C2FFC55350042C8A1 /* OnboardingViewController.swift in Sources */,
				3F926C072FE13702001F6750 /* CoreDataManager.swift in Sources */,
				3FBB02E42FD71DA600CBB02F /* TrackerCategory.swift in Sources */,
			);
			runOnlyForDeploymentPostprocessing = 0;
		};
/* End PBXSourcesBuildPhase section */

/* Begin PBXVariantGroup section */
		3FBB02C72FD71C7C00CBB02F /* LaunchScreen.storyboard */ = {
			isa = PBXVariantGroup;
			children = (
				3FBB02C62FD71C7C00CBB02F /* Base */,
			);
			name = LaunchScreen.storyboard;
			sourceTree = "<group>";
		};
/* End PBXVariantGroup section */

/* Begin XCBuildConfiguration section */
		3FCAD3EB2FC84E8500A059AE /* Debug */ = {
			isa = XCBuildConfiguration;
			buildSettings = {
				ASSETCATALOG_COMPILER_APPICON_NAME = AppIcon;
				ASSETCATALOG_COMPILER_GLOBAL_ACCENT_COLOR_NAME = AccentColor;
				CODE_SIGN_STYLE = Automatic;
				CURRENT_PROJECT_VERSION = 1;
				DEVELOPMENT_TEAM = Z69U29FPV9;
				GENERATE_INFOPLIST_FILE = YES;
				INFOPLIST_FILE = Tracker/Info.plist;
				INFOPLIST_KEY_UIApplicationSupportsIndirectInputEvents = YES;
				INFOPLIST_KEY_UILaunchStoryboardName = LaunchScreen;
				INFOPLIST_KEY_UISupportedInterfaceOrientations = UIInterfaceOrientationPortrait;
				INFOPLIST_KEY_UISupportedInterfaceOrientations_iPad = "UIInterfaceOrientationLandscapeLeft UIInterfaceOrientationLandscapeRight UIInterfaceOrientationPortrait UIInterfaceOrientationPortraitUpsideDown";
				IPHONEOS_DEPLOYMENT_TARGET = 17;
				LD_RUNPATH_SEARCH_PATHS = (
					"$(inherited)",
					"@executable_path/Frameworks",
				);
				MARKETING_VERSION = 1.0;
				PRODUCT_BUNDLE_IDENTIFIER = JoePeachBase.Tracker;
				PRODUCT_NAME = "$(TARGET_NAME)";
				SUPPORTED_PLATFORMS = "iphoneos iphonesimulator";
				SUPPORTS_MACCATALYST = NO;
				SUPPORTS_MAC_DESIGNED_FOR_IPHONE_IPAD = NO;
				SUPPORTS_XR_DESIGNED_FOR_IPHONE_IPAD = NO;
				SWIFT_EMIT_LOC_STRINGS = YES;
				SWIFT_VERSION = 5.0;
				TARGETED_DEVICE_FAMILY = 1;
			};
			name = Debug;
		};
		3FCAD3EC2FC84E8500A059AE /* Release */ = {
			isa = XCBuildConfiguration;
			buildSettings = {
				ASSETCATALOG_COMPILER_APPICON_NAME = AppIcon;
				ASSETCATALOG_COMPILER_GLOBAL_ACCENT_COLOR_NAME = AccentColor;
				CODE_SIGN_STYLE = Automatic;
				CURRENT_PROJECT_VERSION = 1;
				DEVELOPMENT_TEAM = Z69U29FPV9;
				GENERATE_INFOPLIST_FILE = YES;
				INFOPLIST_FILE = Tracker/Info.plist;
				INFOPLIST_KEY_UIApplicationSupportsIndirectInputEvents = YES;
				INFOPLIST_KEY_UILaunchStoryboardName = LaunchScreen;
				INFOPLIST_KEY_UISupportedInterfaceOrientations = UIInterfaceOrientationPortrait;
				INFOPLIST_KEY_UISupportedInterfaceOrientations_iPad = "UIInterfaceOrientationLandscapeLeft UIInterfaceOrientationLandscapeRight UIInterfaceOrientationPortrait UIInterfaceOrientationPortraitUpsideDown";
				IPHONEOS_DEPLOYMENT_TARGET = 17;
				LD_RUNPATH_SEARCH_PATHS = (
					"$(inherited)",
					"@executable_path/Frameworks",
				);
				MARKETING_VERSION = 1.0;
				PRODUCT_BUNDLE_IDENTIFIER = JoePeachBase.Tracker;
				PRODUCT_NAME = "$(TARGET_NAME)";
				SUPPORTED_PLATFORMS = "iphoneos iphonesimulator";
				SUPPORTS_MACCATALYST = NO;
				SUPPORTS_MAC_DESIGNED_FOR_IPHONE_IPAD = NO;
				SUPPORTS_XR_DESIGNED_FOR_IPHONE_IPAD = NO;
				SWIFT_EMIT_LOC_STRINGS = YES;
				SWIFT_VERSION = 5.0;
				TARGETED_DEVICE_FAMILY = 1;
			};
			name = Release;
		};
		3FCAD3ED2FC84E8500A059AE /* Debug */ = {
			isa = XCBuildConfiguration;
			buildSettings = {
				ALWAYS_SEARCH_USER_PATHS = NO;
				ASSETCATALOG_COMPILER_GENERATE_SWIFT_ASSET_SYMBOL_EXTENSIONS = YES;
				CLANG_ANALYZER_NONNULL = YES;
				CLANG_ANALYZER_NUMBER_OBJECT_CONVERSION = YES_AGGRESSIVE;
				CLANG_CXX_LANGUAGE_STANDARD = "gnu++20";
				CLANG_ENABLE_MODULES = YES;
				CLANG_ENABLE_OBJC_ARC = YES;
				CLANG_ENABLE_OBJC_WEAK = YES;
				CLANG_WARN_BLOCK_CAPTURE_AUTORELEASING = YES;
				CLANG_WARN_BOOL_CONVERSION = YES;
				CLANG_WARN_COMMA = YES;
				CLANG_WARN_CONSTANT_CONVERSION = YES;
				CLANG_WARN_DEPRECATED_OBJC_IMPLEMENTATIONS = YES;
				CLANG_WARN_DIRECT_OBJC_ISA_USAGE = YES_ERROR;
				CLANG_WARN_DOCUMENTATION_COMMENTS = YES;
				CLANG_WARN_EMPTY_BODY = YES;
				CLANG_WARN_ENUM_CONVERSION = YES;
				CLANG_WARN_INFINITE_RECURSION = YES;
				CLANG_WARN_INT_CONVERSION = YES;
				CLANG_WARN_NON_LITERAL_NULL_CONVERSION = YES;
				CLANG_WARN_OBJC_IMPLICIT_RETAIN_SELF = YES;
				CLANG_WARN_OBJC_LITERAL_CONVERSION = YES;
				CLANG_WARN_OBJC_ROOT_CLASS = YES_ERROR;
				CLANG_WARN_QUOTED_INCLUDE_IN_FRAMEWORK_HEADER = YES;
				CLANG_WARN_RANGE_LOOP_ANALYSIS = YES;
				CLANG_WARN_STRICT_PROTOTYPES = YES;
				CLANG_WARN_SUSPICIOUS_MOVE = YES;
				CLANG_WARN_UNGUARDED_AVAILABILITY = YES_AGGRESSIVE;
				CLANG_WARN_UNREACHABLE_CODE = YES;
				CLANG_WARN__DUPLICATE_METHOD_MATCH = YES;
				COPY_PHASE_STRIP = NO;
				DEBUG_INFORMATION_FORMAT = dwarf;
				ENABLE_STRICT_OBJC_MSGSEND = YES;
				ENABLE_TESTABILITY = YES;
				ENABLE_USER_SCRIPT_SANDBOXING = YES;
				GCC_C_LANGUAGE_STANDARD = gnu17;
				GCC_DYNAMIC_NO_PIC = NO;
				GCC_NO_COMMON_BLOCKS = YES;
				GCC_OPTIMIZATION_LEVEL = 0;
				GCC_PREPROCESSOR_DEFINITIONS = (
					"DEBUG=1",
					"$(inherited)",
				);
				GCC_WARN_64_TO_32_BIT_CONVERSION = YES;
				GCC_WARN_ABOUT_RETURN_TYPE = YES_ERROR;
				GCC_WARN_UNDECLARED_SELECTOR = YES;
				GCC_WARN_UNINITIALIZED_AUTOS = YES_AGGRESSIVE;
				GCC_WARN_UNUSED_FUNCTION = YES;
				GCC_WARN_UNUSED_VARIABLE = YES;
				IPHONEOS_DEPLOYMENT_TARGET = 18.2;
				LOCALIZATION_PREFERS_STRING_CATALOGS = YES;
				MTL_ENABLE_DEBUG_INFO = INCLUDE_SOURCE;
				MTL_FAST_MATH = YES;
				ONLY_ACTIVE_ARCH = YES;
				SDKROOT = iphoneos;
				SWIFT_ACTIVE_COMPILATION_CONDITIONS = "DEBUG $(inherited)";
				SWIFT_OPTIMIZATION_LEVEL = "-Onone";
			};
			name = Debug;
		};
		3FCAD3EE2FC84E8500A059AE /* Release */ = {
			isa = XCBuildConfiguration;
			buildSettings = {
				ALWAYS_SEARCH_USER_PATHS = NO;
				ASSETCATALOG_COMPILER_GENERATE_SWIFT_ASSET_SYMBOL_EXTENSIONS = YES;
				CLANG_ANALYZER_NONNULL = YES;
				CLANG_ANALYZER_NUMBER_OBJECT_CONVERSION = YES_AGGRESSIVE;
				CLANG_CXX_LANGUAGE_STANDARD = "gnu++20";
				CLANG_ENABLE_MODULES = YES;
				CLANG_ENABLE_OBJC_ARC = YES;
				CLANG_ENABLE_OBJC_WEAK = YES;
				CLANG_WARN_BLOCK_CAPTURE_AUTORELEASING = YES;
				CLANG_WARN_BOOL_CONVERSION = YES;
				CLANG_WARN_COMMA = YES;
				CLANG_WARN_CONSTANT_CONVERSION = YES;
				CLANG_WARN_DEPRECATED_OBJC_IMPLEMENTATIONS = YES;
				CLANG_WARN_DIRECT_OBJC_ISA_USAGE = YES_ERROR;
				CLANG_WARN_DOCUMENTATION_COMMENTS = YES;
				CLANG_WARN_EMPTY_BODY = YES;
				CLANG_WARN_ENUM_CONVERSION = YES;
				CLANG_WARN_INFINITE_RECURSION = YES;
				CLANG_WARN_INT_CONVERSION = YES;
				CLANG_WARN_NON_LITERAL_NULL_CONVERSION = YES;
				CLANG_WARN_OBJC_IMPLICIT_RETAIN_SELF = YES;
				CLANG_WARN_OBJC_LITERAL_CONVERSION = YES;
				CLANG_WARN_OBJC_ROOT_CLASS = YES_ERROR;
				CLANG_WARN_QUOTED_INCLUDE_IN_FRAMEWORK_HEADER = YES;
				CLANG_WARN_RANGE_LOOP_ANALYSIS = YES;
				CLANG_WARN_STRICT_PROTOTYPES = YES;
				CLANG_WARN_SUSPICIOUS_MOVE = YES;
				CLANG_WARN_UNGUARDED_AVAILABILITY = YES_AGGRESSIVE;
				CLANG_WARN_UNREACHABLE_CODE = YES;
				CLANG_WARN__DUPLICATE_METHOD_MATCH = YES;
				COPY_PHASE_STRIP = NO;
				DEBUG_INFORMATION_FORMAT = "dwarf-with-dsym";
				ENABLE_NS_ASSERTIONS = NO;
				ENABLE_STRICT_OBJC_MSGSEND = YES;
				ENABLE_USER_SCRIPT_SANDBOXING = YES;
				GCC_C_LANGUAGE_STANDARD = gnu17;
				GCC_NO_COMMON_BLOCKS = YES;
				GCC_WARN_64_TO_32_BIT_CONVERSION = YES;
				GCC_WARN_ABOUT_RETURN_TYPE = YES_ERROR;
				GCC_WARN_UNDECLARED_SELECTOR = YES;
				GCC_WARN_UNINITIALIZED_AUTOS = YES_AGGRESSIVE;
				GCC_WARN_UNUSED_FUNCTION = YES;
				GCC_WARN_UNUSED_VARIABLE = YES;
				IPHONEOS_DEPLOYMENT_TARGET = 18.2;
				LOCALIZATION_PREFERS_STRING_CATALOGS = YES;
				MTL_ENABLE_DEBUG_INFO = NO;
				MTL_FAST_MATH = YES;
				SDKROOT = iphoneos;
				SWIFT_COMPILATION_MODE = wholemodule;
				VALIDATE_PRODUCT = YES;
			};
			name = Release;
		};
/* End XCBuildConfiguration section */

/* Begin XCConfigurationList section */
		3FCAD3D22FC84E8400A059AE /* Build configuration list for PBXProject "Tracker" */ = {
			isa = XCConfigurationList;
			buildConfigurations = (
				3FCAD3ED2FC84E8500A059AE /* Debug */,
				3FCAD3EE2FC84E8500A059AE /* Release */,
			);
			defaultConfigurationIsVisible = 0;
			defaultConfigurationName = Release;
		};
		3FCAD3EA2FC84E8500A059AE /* Build configuration list for PBXNativeTarget "Tracker" */ = {
			isa = XCConfigurationList;
			buildConfigurations = (
				3FCAD3EB2FC84E8500A059AE /* Debug */,
				3FCAD3EC2FC84E8500A059AE /* Release */,
			);
			defaultConfigurationIsVisible = 0;
			defaultConfigurationName = Release;
		};
/* End XCConfigurationList section */

/* Begin XCVersionGroup section */
		3FB6B41C2FDDA07A00E09A32 /* Model.xcdatamodeld */ = {
			isa = XCVersionGroup;
			children = (
				3FB6B41D2FDDA07A00E09A32 /* Model.xcdatamodel */,
			);
			currentVersion = 3FB6B41D2FDDA07A00E09A32 /* Model.xcdatamodel */;
			path = Model.xcdatamodeld;
			sourceTree = "<group>";
			versionGroupType = wrapper.xcdatamodel;
		};
/* End XCVersionGroup section */
	};
	rootObject = 3FCAD3CF2FC84E8400A059AE /* Project object */;
}
